
Microsoft Visual Studio Solution File, Format Version 12.00
# Visual Studio 15
VisualStudioVersion = 15.0.27004.2006
MinimumVisualStudioVersion = 10.0.40219.1
Project("{FAE04EC0-301F-11D3-BF4B-00C04F79EFBC}") = "ChannelListManager", "ChannelListManager\ChannelListManager.csproj", "{17FAD394-7740-48B2-A360-F98282B71ADF}"
EndProject
Global
	GlobalSection(SolutionConfigurationPlatforms) = preSolution
		Debug|Any CPU = Debug|Any CPU
		Release|Any CPU = Release|Any CPU
	EndGlobalSection
	GlobalSection(ProjectConfigurationPlatforms) = postSolution
		{17FAD394-7740-48B2-A360-F98282B71ADF}.Debug|Any CPU.ActiveCfg = Debug|Any CPU
		{17FAD394-7740-48B2-A360-F98282B71ADF}.Debug|Any CPU.Build.0 = Debug|Any CPU
		{17FAD394-7740-48B2-A360-F98282B71ADF}.Release|Any CPU.ActiveCfg = Release|Any CPU
		{17FAD394-7740-48B2-A360-F98282B71ADF}.Release|Any CPU.Build.0 = Release|Any CPU
	EndGlobalSection
	GlobalSection(SolutionProperties) = preSolution
		HideSolutionNode = FALSE
	EndGlobalSection
	GlobalSection(ExtensibilityGlobals) = postSolution
		SolutionGuid = {91344F56-519D-44EB-937F-372753EF6A0A}
	EndGlobalSection
EndGlobal
